version = 1
revision = 3
requires-python = ">=3.12"
resolution-markers = [
    "python_full_version >= '3.13' and sys_platform == 'win32'",
    "platform_machine == 'x86_64' and sys_platform == 'linux'",
    "platform_machine == 'i686' and sys_platform == 'linux'",
    "platform_machine == 'aarch64' and sys_platform == 'linux'",
    "platform_machine == 'armv7l' and sys_platform == 'linux'",
    "platform_machine == 'ppc64le' and sys_platform == 'linux'",
    "platform_machine == 's390x' and sys_platform == 'linux'",
    "(python_full_version < '3.13' and sys_platform == 'win32') or (platform_machine != 'aarch64' and platform_machine != 'armv7l' and platform_machine != 'i686' and platform_machine != 'ppc64le' and platform_machine != 's390x' and platform_machine != 'x86_64' and sys_platform == 'linux') or (sys_platform != 'linux' and sys_platform != 'win32')",
]

[[package]]
name = "app"
version = "0.1.0"
source = { editable = "." }
dependencies = [
    { name = "cx-freeze" },
    { name = "pyside6" },
]

[package.metadata]
requires-dist = [
    { name = "cx-freeze", specifier = ">=8.6.3" },
    { name = "pyside6", specifier = ">=6.11.0" },
]

[[package]]
name = "cabarchive"
version = "0.2.5"
source = { registry = "https://pypi.org/simple" }
sdist = { url = "https://files.pythonhosted.org/packages/6c/1b/097ffa53a733fe9849afd62c22c3b4f133526a035ec050546689a083a73f/cabarchive-0.2.5.tar.gz", hash = "sha256:b508b1cad890857e55f3f7a2027ca7bedb9dc05de5eff07f8289f9546200a7aa", size = 22245, upload-time = "2026-02-10T11:23:05.953Z" }
wheels = [
    { url = "https://files.pythonhosted.org/packages/f8/f8/00c61b5e24958103f98989c6d9b916bf41528e58c4360e4ad40104fc9201/cabarchive-0.2.5-py3-none-any.whl", hash = "sha256:6d95d83145625898143d732dc0aa0443e53b4262fe9f282f3db5cdedfaf31e01", size = 28127, upload-time = "2026-02-10T11:23:04.403Z" },
]

[[package]]
name = "cx-freeze"
version = "8.6.3"
source = { registry = "https://pypi.org/simple" }
dependencies = [
    { name = "dmgbuild", marker = "sys_platform == 'darwin'" },
    { name = "filelock", marker = "sys_platform == 'linux'" },
    { name = "freeze-core" },
    { name = "lief", marker = "sys_platform == 'win32'" },
    { name = "packaging" },
    { name = "patchelf", marker = "(platform_machine == 'aarch64' and sys_platform == 'linux') or (platform_machine == 'armv7l' and sys_platform == 'linux') or (platform_machine == 'i686' and sys_platform == 'linux') or (platform_machine == 'ppc64le' and sys_platform == 'linux') or (platform_machine == 's390x' and sys_platform == 'linux') or (platform_machine == 'x86_64' and sys_platform == 'linux')" },
    { name = "python-msilib", marker = "python_full_version >= '3.13' and sys_platform == 'win32'" },
    { name = "setuptools" },
]
sdist = { url = "https://files.pythonhosted.org/packages/d8/5a/d9b3e85db1639374652ff540e84a4912cb777053a30582d8c365d114f115/cx_freeze-8.6.3.tar.gz", hash = "sha256:d3bcdd0891f78d96f65d4879f362f163ad292bad76a42a1bddf58bcc9dcdb67b", size = 1377551, upload-time = "2026-03-23T22:18:45.68Z" }
wheels = [
    { url = "https://files.pythonhosted.org/packages/3a/41/b67808de0f10931ceca7d08e7d19f9fe3cfcb1c95bb14593ff1994e330f6/cx_freeze-8.6.3-py3-none-any.whl", hash = "sha256:b37fe200551d95ef85bad0410651605f2c34be39454fee1303e5f4b7d60d6ce4", size = 251123, upload-time = "2026-03-23T22:18:44.357Z" },
]

[[package]]
name = "dmgbuild"
version = "1.6.7"
source = { registry = "https://pypi.org/simple" }
dependencies = [
    { name = "ds-store", marker = "(python_full_version < '3.13' and sys_platform == 'win32') or (platform_machine != 'aarch64' and platform_machine != 'armv7l' and platform_machine != 'i686' and platform_machine != 'ppc64le' and platform_machine != 's390x' and platform_machine != 'x86_64' and sys_platform == 'linux') or (sys_platform != 'linux' and sys_platform != 'win32')" },
    { name = "mac-alias", marker = "(python_full_version < '3.13' and sys_platform == 'win32') or (platform_machine != 'aarch64' and platform_machine != 'armv7l' and platform_machine != 'i686' and platform_machine != 'ppc64le' and platform_machine != 's390x' and platform_machine != 'x86_64' and sys_platform == 'linux') or (sys_platform != 'linux' and sys_platform != 'win32')" },
]
sdist = { url = "https://files.pythonhosted.org/packages/a7/a5/f4dbd63c96902de8f2427a82518aaeedac0006587409294e55a14e45f367/dmgbuild-1.6.7.tar.gz", hash = "sha256:676b17acd448899f6d4a83b2184e0657480444ecb6ac9c4922889efad9e5dbfb", size = 36938, upload-time = "2026-01-15T23:13:43.779Z" }
wheels = [
    { url = "https://files.pythonhosted.org/packages/6c/4a/8812638bba991a55a4b670806ab9cf60207077401893bb308eb1b04f288c/dmgbuild-1.6.7-py3-none-any.whl", hash = "sha256:37ee5771c377beb3203d9164aae8046ffed8531c06edf9227f5788b3c599b1bf", size = 34853, upload-time = "2026-01-15T23:13:41.854Z" },
]

[[package]]
name = "ds-store"
version = "1.3.2"
source = { registry = "https://pypi.org/simple" }
dependencies = [
    { name = "mac-alias", marker = "(python_full_version < '3.13' and sys_platform == 'win32') or (platform_machine != 'aarch64' and platform_machine != 'armv7l' and platform_machine != 'i686' and platform_machine != 'ppc64le' and platform_machine != 's390x' and platform_machine != 'x86_64' and sys_platform == 'linux') or (sys_platform != 'linux' and sys_platform != 'win32')" },
]
sdist = { url = "https://files.pythonhosted.org/packages/e9/11/971e423750b219ec3f3a7f27dfb9bd74aef3d3fdfee6cc7df10a0217b5cd/ds_store-1.3.2.tar.gz", hash = "sha256:e4da49df901123481a85b9250945f2aac054a0f0c29352cd2cc858c536cdd364", size = 26574, upload-time = "2025-12-04T00:52:46.178Z" }
wheels = [
    { url = "https://files.pythonhosted.org/packages/03/83/7135cae57531edc070c73ea92b9129be0714323f5face6e15f415ca8ef52/ds_store-1.3.2-py3-none-any.whl", hash = "sha256:3b37332d9f8c18ff04c385d2933b66a1d84950071364f94bfc5f5a3ab1fb361e", size = 15928, upload-time = "2025-12-04T00:52:44.528Z" },
]

[[package]]
name = "filelock"
version = "3.25.2"
source = { registry = "https://pypi.org/simple" }
sdist = { url = "https://files.pythonhosted.org/packages/94/b8/00651a0f559862f3bb7d6f7477b192afe3f583cc5e26403b44e59a55ab34/filelock-3.25.2.tar.gz", hash = "sha256:b64ece2b38f4ca29dd3e810287aa8c48182bbecd1ae6e9ae126c9b35f1382694", size = 40480, upload-time = "2026-03-11T20:45:38.487Z" }
wheels = [
    { url = "https://files.pythonhosted.org/packages/a4/a5/842ae8f0c08b61d6484b52f99a03510a3a72d23141942d216ebe81fefbce/filelock-3.25.2-py3-none-any.whl", hash = "sha256:ca8afb0da15f229774c9ad1b455ed96e85a81373065fb10446672f64444ddf70", size = 26759, upload-time = "2026-03-11T20:45:37.437Z" },
]

[[package]]
name = "freeze-core"
version = "0.6.1"
source = { registry = "https://pypi.org/simple" }
dependencies = [
    { name = "cabarchive", marker = "sys_platform == 'win32'" },
    { name = "filelock" },
    { name = "striprtf", marker = "sys_platform == 'win32'" },
]
sdist = { url = "https://files.pythonhosted.org/packages/15/0d/1415721fce1b24d88c1460f67059678d7e5a5975baccf5dde790f2158bf7/freeze_core-0.6.1.tar.gz", hash = "sha256:819642aa58b4e2c19e1ade025d9563e437c07c90fe6ac5c891e8ecee2044a2ef", size = 1636378, upload-time = "2026-03-10T13:24:03.726Z" }
wheels = [
    { url = "https://files.pythonhosted.org/packages/f8/c9/6c1f389673e9bd6c202545c6173359a80df9a7b10fdd10de7c585c5ba776/freeze_core-0.6.1-cp312-cp312-macosx_10_13_universal2.whl", hash = "sha256:3dd8adf9d6acb4c44785f3f3e317f3ba8a494bda7c14e24da096602bb687dc29", size = 21506014, upload-time = "2026-03-10T13:22:12.546Z" },
    { url = "https://files.pythonhosted.org/packages/e6/00/70c2afcd6b58444633e3cbad0c7c08cdf3192688bce76371d6ae2cac797e/freeze_core-0.6.1-cp312-cp312-manylinux2014_aarch64.manylinux_2_17_aarch64.whl", hash = "sha256:12f838b25d21eac6f1cc254e9325daa3949da0bb06ad28aa9a4ea26b88b8eaa9", size = 15007419, upload-time = "2026-03-10T13:22:15.153Z" },
    { url = "https://files.pythonhosted.org/packages/af/37/afb2882a73b27d60e2d66ae626f50c3141bdfbafe1ce9d7cfdef87bea51a/freeze_core-0.6.1-cp312-cp312-manylinux2014_ppc64le.manylinux_2_17_ppc64le.whl", hash = "sha256:71b249ce8bd393a75a47e87c2705e45dd5ff6ab12af1a663f78e1c29d48a96c6", size = 15319950, upload-time = "2026-03-10T13:22:17.812Z" },
    { url = "https://files.pythonhosted.org/packages/d5/6b/228bc53a455177243343da18e91d54e0861d3ab38f5b15fc6cd78e22fbd2/freeze_core-0.6.1-cp312-cp312-manylinux2014_x86_64.manylinux_2_17_x86_64.whl", hash = "sha256:26caca8bab204d9b1f9dff35560e1bd403ddaedb0b6f4215eacc0550ed7fb59d", size = 14873174, upload-time = "2026-03-10T13:22:20.399Z" },
    { url = "https://files.pythonhosted.org/packages/92/83/2d74f2b8c997d43a28f7a3e1d23ad12444772996b151533d66d58fcf39ee/freeze_core-0.6.1-cp312-cp312-musllinux_1_2_aarch64.whl", hash = "sha256:665b7dabd8be0566122bd311b0a6c90813eb6c21b8c1e8006c092186aff858ec", size = 15266689, upload-time = "2026-03-10T13:22:23.217Z" },
    { url = "https://files.pythonhosted.org/packages/98/c0/a39275833cc12094f008a1b80fe23035f43d5e597e9cfffdf27fb6ed7cfc/freeze_core-0.6.1-cp312-cp312-musllinux_1_2_x86_64.whl", hash = "sha256:be128cb726c62c806a77c32855a9706c24b4fbfc018b6f0a0b0268fabdd4cfca", size = 15187288, upload-time = "2026-03-10T13:22:26.266Z" },
    { url = "https://files.pythonhosted.org/packages/7d/39/a370542fe43cee7628a9fa20a37ec3c5087caba0a8c70efea2aa33767470/freeze_core-0.6.1-cp312-cp312-win32.whl", hash = "sha256:58b237d75fc88051c99e7a6201068a118b20df4f72a1375cdb7aa3ca728c2d00", size = 1727664, upload-time = "2026-03-10T13:22:28.416Z" },
    { url = "https://files.pythonhosted.org/packages/af/ed/d40cfb105d0fb8d550be9bcecf6c322d1bd1bc90f8e1925d25b8d7f7b718/freeze_core-0.6.1-cp312-cp312-win_amd64.whl", hash = "sha256:1c95b6d5e7b490582d81fad84bc54e6144dc581ff9f36e10f2c221373ac9e1ca", size = 1732937, upload-time = "2026-03-10T13:22:29.837Z" },
    { url = "https://files.pythonhosted.org/packages/9e/38/eae012527a2483c82cb534208747ae757a9bee681c1b38581c1b32188e0b/freeze_core-0.6.1-cp312-cp312-win_arm64.whl", hash = "sha256:4379f1145d329a2232435cef7f8ea3342aa5e24dfe2db003a3df18751ab02627", size = 1720985, upload-time = "2026-03-10T13:22:31.442Z" },
    { url = "https://files.pythonhosted.org/packages/89/fa/3888afe1e2571642e9cc2cc4388decc3c3648ed6aca2bd61e6ce3abb031b/freeze_core-0.6.1-cp313-cp313-macosx_10_13_universal2.whl", hash = "sha256:fa2a186ca05672160e20f4a566090b35c47fd8d542922011f16a341c240ed5e4", size = 20917877, upload-time = "2026-03-10T13:22:34.19Z" },
    { url = "https://files.pythonhosted.org/packages/46/00/67ad22616aae4ff97b372376958392815878697128895404e614df7d083f/freeze_core-0.6.1-cp313-cp313-manylinux2014_aarch64.manylinux_2_17_aarch64.whl", hash = "sha256:e612bab462ae284cf277f210f5635951309ec360c1aa3f71010512005511d099", size = 13018448, upload-time = "2026-03-10T13:22:37.045Z" },
    { url = "https://files.pythonhosted.org/packages/16/ad/ffe4aa9938b498bbf7968575c221e7fc859df890a0845c982852bec3b4f7/freeze_core-0.6.1-cp313-cp313-manylinux2014_ppc64le.manylinux_2_17_ppc64le.whl", hash = "sha256:4baa5ea7ba5e802de724ac9cf2a42a4888e8f5510ecca944a9005cf223ec6d63", size = 13258968, upload-time = "2026-03-10T13:22:41.103Z" },
    { url = "https://files.pythonhosted.org/packages/08/9e/f904bc4aa1eb81e3096334cba65ae95bab3074be9249d32d0a48a22d886a/freeze_core-0.6.1-cp313-cp313-manylinux2014_x86_64.manylinux_2_17_x86_64.whl", hash = "sha256:f5d27a6e6adeb544880e60c13432ae346abd5be8fd843b663e867e168826c524", size = 12867877, upload-time = "2026-03-10T13:22:43.709Z" },
    { url = "https://files.pythonhosted.org/packages/e4/5a/528264c753a06712e72989c2ea4885bdce6b88911e8c6c0b97525e5676b9/freeze_core-0.6.1-cp313-cp313-musllinux_1_2_aarch64.whl", hash = "sha256:b544c6ea15b65364a87c22566c06e9f11ac2ee861f3d4d7ff7fc9679287e7954", size = 13195209, upload-time = "2026-03-10T13:22:46.401Z" },
    { url = "https://files.pythonhosted.org/packages/94/eb/3c46d6a3cf4025d98a5da7b117378706fa8d3f633ba67dbf292096238fbd/freeze_core-0.6.1-cp313-cp313-musllinux_1_2_x86_64.whl", hash = "sha256:ac1ca1897e08aab3e377d513f87724ccf1649f0c71c3aad4ff3ee640577b34d4", size = 13045517, upload-time = "2026-03-10T13:22:49.285Z" },
    { url = "https://files.pythonhosted.org/packages/6b/23/d4bf1e22f6382fa6cb5e709c4603300dacd1ce60be9621994369016f41da/freeze_core-0.6.1-cp313-cp313-win32.whl", hash = "sha256:06d16f47c4c218c90514d915f3dda161ed6dcd7dcb9ad147db51e7b057eb27ee", size = 1697556, upload-time = "2026-03-10T13:22:51.791Z" },
    { url = "https://files.pythonhosted.org/packages/a5/d8/507e0cd19075647633534e7419b7421391e098a547e8c031262d6b295d7a/freeze_core-0.6.1-cp313-cp313-win_amd64.whl", hash = "sha256:b3e1e4940c459a72ab6b3151ac9ad4a692550980ef1deb11b760e49e65e6cd9b", size = 1700776, upload-time = "2026-03-10T13:22:53.573Z" },
    { url = "https://files.pythonhosted.org/packages/f9/c0/e6bcd8a498d6da0dd6e0d6ce90a959c01713f05bb5266f8e18402f3e147a/freeze_core-0.6.1-cp313-cp313-win_arm64.whl", hash = "sha256:54d8a89df1bd34dc10f7f5d95d9d4c326652a7a83ebfc06d2bfe0415580c6fec", size = 1693443, upload-time = "2026-03-10T13:22:55.104Z" },
    { url = "https://files.pythonhosted.org/packages/35/b4/36cb2e7bce3f0e59a79a04ef882e447814f298a10d547d74ee23aab42a12/freeze_core-0.6.1-cp313-cp313t-macosx_10_13_universal2.whl", hash = "sha256:134f3811dd21ea86cff52ad94f4c241405aa51e74fac9fba4a15d6ea9c886ed8", size = 20749807, upload-time = "2026-03-10T13:22:57.181Z" },
    { url = "https://files.pythonhosted.org/packages/ac/ed/4bbbca0fd2e6f08de0f65c2b3b9baca965918184d301356cdd87f78579d0/freeze_core-0.6.1-cp313-cp313t-manylinux2014_aarch64.manylinux_2_17_aarch64.whl", hash = "sha256:fb37cadba23e8e6c16622aa6ddf630dbf27e06739fb7c8cc2532f50c3a48563a", size = 13236626, upload-time = "2026-03-10T13:22:59.961Z" },
    { url = "https://files.pythonhosted.org/packages/8c/d7/8788d8ab58bb416509d22ecf5af53320f6d387c345667f3648e644b5da81/freeze_core-0.6.1-cp313-cp313t-manylinux2014_ppc64le.manylinux_2_17_ppc64le.whl", hash = "sha256:d6a44251d55f9fc1d4b20486e3a73c1d8bd13cd7998eca5c87622e22a3f0f258", size = 13409093, upload-time = "2026-03-10T13:23:02.476Z" },
    { url = "https://files.pythonhosted.org/packages/f6/a1/596c8975cb32b5b0caf398ae4f3038c926f161248e74b06b35df6e205411/freeze_core-0.6.1-cp313-cp313t-manylinux2014_x86_64.manylinux_2_17_x86_64.whl", hash = "sha256:ccd31f02d3f5b4492bb647859939a906f0c1b3615101a935beae75c81a3eafe6", size = 13045646, upload-time = "2026-03-10T13:23:04.995Z" },
    { url = "https://files.pythonhosted.org/packages/cd/16/f4684100964f525ea249bb6eabe1f81ad28cde3f4997253fb90dff6bfa65/freeze_core-0.6.1-cp313-cp313t-musllinux_1_2_aarch64.whl", hash = "sha256:ddcf1f706f887fb39d181a2a2709a3b6c75ba3f86d8fcdfa49b81f9ed159ecc0", size = 13357764, upload-time = "2026-03-10T13:23:08.15Z" },
    { url = "https://files.pythonhosted.org/packages/81/9f/eee6af62cfd3dc04e41e5dd0efa31af1169b4085d22268ab37d3eef5e6ab/freeze_core-0.6.1-cp313-cp313t-musllinux_1_2_x86_64.whl", hash = "sha256:079c4ffc500212382d3a131fd2e691e8103b2cdaca40f6fcff475e35cef86cd8", size = 13190414, upload-time = "2026-03-10T13:23:10.779Z" },
    { url = "https://files.pythonhosted.org/packages/b1/70/f3c841b39b656a4ff5f5a3fca0f9f66244b4287e5e2b33821a49c4754444/freeze_core-0.6.1-cp313-cp313t-win32.whl", hash = "sha256:19b1f39e3b27aae437f08ad2429f1ef276f4839576e1c6cc242456c426c1239a", size = 1699189, upload-time = "2026-03-10T13:23:12.899Z" },
    { url = "https://files.pythonhosted.org/packages/bb/fc/53ac506d27b3f8405d7e15d4c933bc98ed0e95f7ee0cd1195f14984235b7/freeze_core-0.6.1-cp313-cp313t-win_amd64.whl", hash = "sha256:ca65c4d3c5191da679653f35151671d84418713343c3b20563b658533e625f33", size = 1702654, upload-time = "2026-03-10T13:23:14.487Z" },
    { url = "https://files.pythonhosted.org/packages/1c/cd/d61be69c18714df94f2675d6f1672c8887580917af933d1adf5085863a3a/freeze_core-0.6.1-cp313-cp313t-win_arm64.whl", hash = "sha256:d2d51ecb6e4e646ba5fae75bd36b036f6bf9b483cb702b38922b4598f2ba9fa6", size = 1694869, upload-time = "2026-03-10T13:23:16.004Z" },
    { url = "https://files.pythonhosted.org/packages/a6/65/4b696f5da094a1c4e5ec6e91db35f622ef0ef01a2f84a200edfca017f6c6/freeze_core-0.6.1-cp314-cp314-macosx_10_15_universal2.whl", hash = "sha256:bcc743c9d1050f676eed05c821b02030f8e50bf35d38619a40627a5ce8a64f4e", size = 22583875, upload-time = "2026-03-10T13:23:19.131Z" },
    { url = "https://files.pythonhosted.org/packages/27/ed/1bee3f566fb49141ac99d57c746f7b227f80caadba9379638d6d2730c6bd/freeze_core-0.6.1-cp314-cp314-manylinux2014_aarch64.manylinux_2_17_aarch64.whl", hash = "sha256:074d26fb9c3d4da2a5dc93a70d3353456316b4dea2055bad98bf4e45e79899e9", size = 13597729, upload-time = "2026-03-10T13:23:21.896Z" },
    { url = "https://files.pythonhosted.org/packages/4c/6c/f93ce336753c20c72bfad502ef35a02693fc84e9362f36656d5d10794ccb/freeze_core-0.6.1-cp314-cp314-manylinux2014_ppc64le.manylinux_2_17_ppc64le.whl", hash = "sha256:7e72b5232308369cf20ee8f4519daab7458ca00a93b310922f867effc57762fa", size = 13939794, upload-time = "2026-03-10T13:23:24.519Z" },
    { url = "https://files.pythonhosted.org/packages/1e/c1/9ab83a25b10ed0c96c12872a4ac9f5ea18dccc1bc4efdf1c993f11c78aa4/freeze_core-0.6.1-cp314-cp314-manylinux2014_x86_64.manylinux_2_17_x86_64.whl", hash = "sha256:2055268857aabcb9f0e7e951f1dffc236830348fd7307a0dd0f92122c91ff8b9", size = 13539417, upload-time = "2026-03-10T13:23:27.533Z" },
    { url = "https://files.pythonhosted.org/packages/68/b4/b5e23ffc272f4019fa53024d948ab411d37a819f8f2e2bd6d706a0085fbd/freeze_core-0.6.1-cp314-cp314-musllinux_1_2_aarch64.whl", hash = "sha256:c050f70064085acf1a7c29e51ae15b42bf6741c1d71656c1ea49fca0fdded0e7", size = 13725629, upload-time = "2026-03-10T13:23:30.57Z" },
    { url = "https://files.pythonhosted.org/packages/5b/42/c2dc5f65570d820d3cdd56e94ea3bbd076bed5725388044949ff7156ca9e/freeze_core-0.6.1-cp314-cp314-musllinux_1_2_x86_64.whl", hash = "sha256:7586d30f1abd2b5aebf6e88ca6262f360dbbd249908e6bfc33534d1ac8438627", size = 13676506, upload-time = "2026-03-10T13:23:33.795Z" },
    { url = "https://files.pythonhosted.org/packages/86/b6/5e403caca71a4eefd5e0040b0e11c368f8232a2d8d77655fe5b303f2e24b/freeze_core-0.6.1-cp314-cp314-win32.whl", hash = "sha256:a823721f8b07de0700feef2342ad45f685c044193e480c81d483ab6f8b911d89", size = 1704660, upload-time = "2026-03-10T13:23:36.365Z" },
    { url = "https://files.pythonhosted.org/packages/c8/47/cbf8baca239233854cf6e5843c9320a3733169f84e0d9cc743961f7c64d3/freeze_core-0.6.1-cp314-cp314-win_amd64.whl", hash = "sha256:5bfb220a525fa130864b3eb6ebc9f44002d6fec74df82d9366f9dafc89513c20", size = 1707580, upload-time = "2026-03-10T13:23:38.721Z" },
    { url = "https://files.pythonhosted.org/packages/a9/e7/e5c6b89cb584a12180a8803a18173ad74c908dd26773bdee181ca5448bd8/freeze_core-0.6.1-cp314-cp314-win_arm64.whl", hash = "sha256:ae7162d863b73ff62f06e12185f62d57a0296da800523932ac62886950a72f85", size = 1699662, upload-time = "2026-03-10T13:23:40.253Z" },
    { url = "https://files.pythonhosted.org/packages/97/bc/3a38cd16e8e2f7ecfe8a854f46e885d59ce92a43f27a6b5f5f154139f856/freeze_core-0.6.1-cp314-cp314t-macosx_10_15_universal2.whl", hash = "sha256:4e34682706745f6eb347f6df9e59fc31d5c68666bb6f4257631872f4ffbd4bb1", size = 22911122, upload-time = "2026-03-10T13:23:42.654Z" },
    { url = "https://files.pythonhosted.org/packages/7d/8f/81e515666dbbea13876960f58f03341c1a44ddf1dd80d8d179233bda81a9/freeze_core-0.6.1-cp314-cp314t-manylinux2014_aarch64.manylinux_2_17_aarch64.whl", hash = "sha256:21fd14fe82eaab8f7c2514fca3439f49c72061978615c364997912cf38572a18", size = 13863564, upload-time = "2026-03-10T13:23:45.326Z" },
    { url = "https://files.pythonhosted.org/packages/39/2b/2a8d44694b8c12ebea369a8e4e97f0e935255daed450c16febf554ec39f1/freeze_core-0.6.1-cp314-cp314t-manylinux2014_ppc64le.manylinux_2_17_ppc64le.whl", hash = "sha256:3e6c2980d0f2ae385e4fe9114e79723d64f85c53c4e49ff57231b1050bcf2c7c", size = 14132782, upload-time = "2026-03-10T13:23:48.136Z" },
    { url = "https://files.pythonhosted.org/packages/45/ba/401d76f3c401633f7248f609c08607f7329598a8b88ee4a4d7690c6403f3/freeze_core-0.6.1-cp314-cp314t-manylinux2014_x86_64.manylinux_2_17_x86_64.whl", hash = "sha256:913a1e4668cf56182aaa834783c29c9c13c717ee93c6039f2b840b6ce0f265d8", size = 13769652, upload-time = "2026-03-10T13:23:50.729Z" },
    { url = "https://files.pythonhosted.org/packages/48/e5/928b484d0f3879c3ed821b4e2ca4903333dbcdb5c72ebb0aa32f67eeebfa/freeze_core-0.6.1-cp314-cp314t-musllinux_1_2_aarch64.whl", hash = "sha256:1f7ae8d098fd961d7f3590cfcfb0f27a7e5cae1176e486238a73d91494ed7501", size = 13931182, upload-time = "2026-03-10T13:23:53.636Z" },
    { url = "https://files.pythonhosted.org/packages/f6/a7/3651651b1f2ffa97644c2c73ce484bc55a0868ab1e92b24806be5f3bc9d7/freeze_core-0.6.1-cp314-cp314t-musllinux_1_2_x86_64.whl", hash = "sha256:630fcd320c03a2f30d6b642eea3930915d770974bc4584cef1794ee3e5f1809f", size = 13863308, upload-time = "2026-03-10T13:23:56.298Z" },
    { url = "https://files.pythonhosted.org/packages/1f/bc/3bdae6566a539adc700bc8b5809c0832a836eeb91c608ff40781eb7d6fae/freeze_core-0.6.1-cp314-cp314t-win32.whl", hash = "sha256:0b371c9d58393d22617f31696851dccdde7eef80cfffb99195168e27e6900701", size = 1706351, upload-time = "2026-03-10T13:23:59.076Z" },
    { url = "https://files.pythonhosted.org/packages/3a/84/2c20debbed9f36d9ef2e91c779104ccb5623e59dcb8744106f8c0979bb14/freeze_core-0.6.1-cp314-cp314t-win_amd64.whl", hash = "sha256:3431b2b4ccf729b13ed87d165a313ac990241f4e98fc807f25c1e753edac0d6b", size = 1709502, upload-time = "2026-03-10T13:24:00.827Z" },
    { url = "https://files.pythonhosted.org/packages/0c/b3/a4af87f033b547a4d84848f8c7d4c03569e04403dcc2ba7c0e6b787b1cd1/freeze_core-0.6.1-cp314-cp314t-win_arm64.whl", hash = "sha256:46f177017e9f9c75b0710a63597fe259f41f57221bbee3f00b66784642a52807", size = 1701098, upload-time = "2026-03-10T13:24:02.289Z" },
]

[[package]]
name = "lief"
version = "0.17.6"
source = { registry = "https://pypi.org/simple" }
sdist = { url = "https://files.pythonhosted.org/packages/d9/b9/6b27bff4676de0db4231ca585ed35bc6e13f5430c1bbf0ad0e9d2e9f552f/lief-0.17.6.tar.gz", hash = "sha256:c2164243f152e82c49b0ccd606155b758644f4b1ee221f0dbd4da055469a922f", size = 7171, upload-time = "2026-03-18T06:59:43.351Z" }
wheels = [
    { url = "https://files.pythonhosted.org/packages/a0/16/c83222badede13959735f3b253fb52d231327b5386d6fd2cf9e3d4b83933/lief-0.17.6-cp312-cp312-win32.whl", hash = "sha256:0aca84f35ec67854ffdb38a23b1848cb214df3e3f95eb7579bac3107e9f68cc8", size = 3446288, upload-time = "2026-03-18T06:58:08.987Z" },
    { url = "https://files.pythonhosted.org/packages/17/d7/cd49540bb32fde031e612044d1345c381e79e5b0729b47ca6b9694a47071/lief-0.17.6-cp312-cp312-win_amd64.whl", hash = "sha256:5a34d651eb82e24a113f837b1a961d23e155be41d72bf39a37407854c6597a8b", size = 3639449, upload-time = "2026-03-18T06:58:10.821Z" },
    { url = "https://files.pythonhosted.org/packages/2e/96/c557b6757b72cfaea89a432e9d0a5ea669970ef9ae8086a17d1f73274156/lief-0.17.6-cp312-cp312-win_arm64.whl", hash = "sha256:234a422fe7158e755ac0acdd0bfdfd41f75392dad9dac147dd3b9c7a9f1a6811", size = 3461129, upload-time = "2026-03-18T06:58:12.651Z" },
    { url = "https://files.pythonhosted.org/packages/1a/ea/51e90c58b40bc316307f2081160ab6100b9e7d177fde3225b441085defd2/lief-0.17.6-cp313-cp313-win32.whl", hash = "sha256:2f669d5b4e63c6e66cac48e07d0f23436bf898ec9d0630016d23250e2eb43d28", size = 3446184, upload-time = "2026-03-18T06:58:28.981Z" },
    { url = "https://files.pythonhosted.org/packages/6b/73/8ddc48c492f3295637a6aa13f07c67387d80c815ee779443938689dc59b4/lief-0.17.6-cp313-cp313-win_amd64.whl", hash = "sha256:51b6c5932d4f36d61fb17fe783d9e1bfba33ec1d72b3d07486c96e6f548781ff", size = 3639310, upload-time = "2026-03-18T06:58:31.162Z" },
    { url = "https://files.pythonhosted.org/packages/bf/bf/b7802b6578ca3a6506aaac6696ac1e8de500419fee3cd288184e82a8c2aa/lief-0.17.6-cp313-cp313-win_arm64.whl", hash = "sha256:6d4eb8adce400af52cc174ac5cbe40ab10b9df5824193975d12e2d4f85b298a3", size = 3461166, upload-time = "2026-03-18T06:58:32.975Z" },
    { url = "https://files.pythonhosted.org/packages/8f/51/f79886a906eee3a5abc58dc30da1e6c22c41c868e0df446fb280ff2344cb/lief-0.17.6-cp314-cp314-win32.whl", hash = "sha256:503fd8df6425a6c0386df9ca6e4f4ce29d07d268f0620ee1d4059eb4d48c2562", size = 3446331, upload-time = "2026-03-18T06:58:50.52Z" },
    { url = "https://files.pythonhosted.org/packages/83/6f/d396dae3808a35699c4be74e356d3e05f58e150fc14b49c39f0bacb62e11/lief-0.17.6-cp314-cp314-win_amd64.whl", hash = "sha256:918ea953830ecf348e5a8d9cf0b1a178035d6d4032bf2a9aa1dc72483e06b3a1", size = 3638021, upload-time = "2026-03-18T06:58:52.275Z" },
    { url = "https://files.pythonhosted.org/packages/e3/4c/02df1befee243e4c14bf5740c391178ba4f7b4602ff08936da170341afe9/lief-0.17.6-cp314-cp314-win_arm64.whl", hash = "sha256:7dcefa6467f0f0d75413a10e7869e488344347f0c67eff5bc49ec216714f0674", size = 3462306, upload-time = "2026-03-18T06:58:54.937Z" },
]

[[package]]
name = "mac-alias"
version = "2.2.3"
source = { registry = "https://pypi.org/simple" }
sdist = { url = "https://files.pythonhosted.org/packages/fb/c9/2c28b2ea968a6bbc4327c0360b746fda3757cb11cf287d00078cf81a27e2/mac_alias-2.2.3.tar.gz", hash = "sha256:1c7fa367687d66979f2ce4d1a8b2716cf1c9fb811741cab3cf3ca356555c2beb", size = 33860, upload-time = "2025-12-04T00:58:13.679Z" }
wheels = [
    { url = "https://files.pythonhosted.org/packages/13/20/103f4e4a6e8a524ea92eee7d938c6133d0b129aa999a50f8648ad126c728/mac_alias-2.2.3-py3-none-any.whl", hash = "sha256:7362b521d2132ef92f606a37abfed5fcd849ceb2f28b6f9743e014b02af92f0d", size = 21127, upload-time = "2025-12-04T00:58:11.931Z" },
]

[[package]]
name = "packaging"
version = "26.0"
source = { registry = "https://pypi.org/simple" }
sdist = { url = "https://files.pythonhosted.org/packages/65/ee/299d360cdc32edc7d2cf530f3accf79c4fca01e96ffc950d8a52213bd8e4/packaging-26.0.tar.gz", hash = "sha256:00243ae351a257117b6a241061796684b084ed1c516a08c48a3f7e147a9d80b4", size = 143416, upload-time = "2026-01-21T20:50:39.064Z" }
wheels = [
    { url = "https://files.pythonhosted.org/packages/b7/b9/c538f279a4e237a006a2c98387d081e9eb060d203d8ed34467cc0f0b9b53/packaging-26.0-py3-none-any.whl", hash = "sha256:b36f1fef9334a5588b4166f8bcd26a14e521f2b55e6b9de3aaa80d3ff7a37529", size = 74366, upload-time = "2026-01-21T20:50:37.788Z" },
]

[[package]]
name = "patchelf"
version = "0.17.2.4"
source = { registry = "https://pypi.org/simple" }
sdist = { url = "https://files.pythonhosted.org/packages/2c/a3/fdd3fa938c864aa2f11dd0b7f08befeda983d2dcdee44da493c6977a653f/patchelf-0.17.2.4.tar.gz", hash = "sha256:970ee5cd8af33e5ea2099510b2f9013fa1b8d5cd763bf3fd3961281c18101a09", size = 149629, upload-time = "2025-07-23T21:16:32.071Z" }
wheels = [
    { url = "https://files.pythonhosted.org/packages/0b/6d/2e9f5483cdb352fab36b8076667b062b2d79cb09d2e3fd09b6fca5771cb6/patchelf-0.17.2.4-py3-none-manylinux1_i686.manylinux_2_5_i686.musllinux_1_1_i686.whl", hash = "sha256:09fd848d625a165fc7b7e07745508c24077129b019c4415a882938781d43adf8", size = 547318, upload-time = "2025-07-23T21:16:22.135Z" },
    { url = "https://files.pythonhosted.org/packages/7e/19/f7821ef31aab01fa7dc8ebe697ece88ec4f7a0fdd3155dab2dfee4b00e5c/patchelf-0.17.2.4-py3-none-manylinux1_x86_64.manylinux_2_5_x86_64.musllinux_1_1_x86_64.whl", hash = "sha256:d9b35ebfada70c02679ad036407d9724ffe1255122ba4ac5e4be5868618a5689", size = 482846, upload-time = "2025-07-23T21:16:23.73Z" },
    { url = "https://files.pythonhosted.org/packages/d1/50/107fea848ecfd851d473b079cab79107487d72c4c3cdb25b9d2603a24ca2/patchelf-0.17.2.4-py3-none-manylinux2014_aarch64.manylinux_2_17_aarch64.musllinux_1_1_aarch64.whl", hash = "sha256:2931a1b5b85f3549661898af7bf746afbda7903c7c9a967cfc998a3563f84fad", size = 477811, upload-time = "2025-07-23T21:16:25.145Z" },
    { url = "https://files.pythonhosted.org/packages/89/a9/a9a2103e159fd65bffbc21ecc5c8c36e44eb34fe53b4ef85fb6d08c2a635/patchelf-0.17.2.4-py3-none-manylinux2014_armv7l.manylinux_2_17_armv7l.musllinux_1_1_armv7l.whl", hash = "sha256:ae44cb3c857d50f54b99e5697aa978726ada33a8a6129d4b8b7ffd28b996652d", size = 431226, upload-time = "2025-07-23T21:16:26.765Z" },
    { url = "https://files.pythonhosted.org/packages/87/93/897d612f6df7cfd987bdf668425127efeff8d8e4ad8bfbab1c69d2a0d861/patchelf-0.17.2.4-py3-none-manylinux2014_ppc64le.manylinux_2_17_ppc64le.musllinux_1_1_ppc64le.whl", hash = "sha256:680a266a70f60a7a4f4c448482c5bdba80cc8e6bb155a49dcc24238ba49927b0", size = 540276, upload-time = "2025-07-23T21:16:27.983Z" },
    { url = "https://files.pythonhosted.org/packages/5d/b8/2b92d11533482bac9ee989081d6880845287751b5f528adbd6bb27667fbd/patchelf-0.17.2.4-py3-none-manylinux2014_s390x.manylinux_2_17_s390x.musllinux_1_1_s390x.whl", hash = "sha256:d842b51f0401460f3b1f3a3a67d2c266a8f515a5adfbfa6e7b656cb3ac2ed8bc", size = 596632, upload-time = "2025-07-23T21:16:29.253Z" },
]

[[package]]
name = "pyside6"
version = "6.11.0"
source = { registry = "https://pypi.org/simple" }
dependencies = [
    { name = "pyside6-addons" },
    { name = "pyside6-essentials" },
    { name = "shiboken6" },
]
wheels = [
    { url = "https://files.pythonhosted.org/packages/f4/95/f3f5a2799163b6658126d78a85bc1dec9eda88c75c26780556b26071a1d8/pyside6-6.11.0-cp310-abi3-macosx_13_0_universal2.whl", hash = "sha256:1f2735dc4f2bd4ec452ae50502c8a22128bba0aced35358a2bbc58384b820c6f", size = 571544, upload-time = "2026-03-23T12:47:20.263Z" },
    { url = "https://files.pythonhosted.org/packages/da/89/9a1f521051714e6694ebbe2b979ded279845ec8e25cb309ca3960158d74f/pyside6-6.11.0-cp310-abi3-manylinux_2_34_x86_64.whl", hash = "sha256:c642e2d25704ca746fd37f56feacf25c5aecc4cd40bef23d18eec81f87d9dc00", size = 571725, upload-time = "2026-03-23T12:47:21.727Z" },
    { url = "https://files.pythonhosted.org/packages/c2/3d/f779d8bba00fcde31a7d7fb6b59347a70773c9cc8135592dea9972579877/pyside6-6.11.0-cp310-abi3-manylinux_2_39_aarch64.whl", hash = "sha256:267b344c73580ac938ca63c611881fb42a3922ebfe043e271005f4f06c372c4e", size = 571722, upload-time = "2026-03-23T12:47:22.761Z" },
    { url = "https://files.pythonhosted.org/packages/ac/98/150e01a026df3e9697310236821fa825319bb4b9d6137539cb25a3032968/pyside6-6.11.0-cp310-abi3-win_amd64.whl", hash = "sha256:9092cb002ca43c64006afb2e0d0f6f51aef17aa737c33a45e502326a081ddcbc", size = 577988, upload-time = "2026-03-23T12:47:23.795Z" },
    { url = "https://files.pythonhosted.org/packages/50/e7/55960f7c6b41d058e95cb4af02652c46c48702c506c8bbf12e99550e1fb3/pyside6-6.11.0-cp310-abi3-win_arm64.whl", hash = "sha256:b15f39acc2b8f46251a630acad0d97f9a0a0461f2baffcd66d7adfada8eb641e", size = 561372, upload-time = "2026-03-23T12:47:25.073Z" },
]

[[package]]
name = "pyside6-addons"
version = "6.11.0"
source = { registry = "https://pypi.org/simple" }
dependencies = [
    { name = "pyside6-essentials" },
    { name = "shiboken6" },
]
wheels = [
    { url = "https://files.pythonhosted.org/packages/c0/df/241f311c61a46b7b1195927da77b2537692ee3442aa9ccd87981164ff78d/pyside6_addons-6.11.0-cp310-abi3-macosx_13_0_universal2.whl", hash = "sha256:d5eaa4643302e3a0fa94c5766234bee4073d7d5ab9c2b7fd222692a176faf182", size = 331554157, upload-time = "2026-03-23T12:40:40.497Z" },
    { url = "https://files.pythonhosted.org/packages/31/b9/e81172835ccc9d8b9792cc6bf7524a252a0db9a76ddd693de230402697f9/pyside6_addons-6.11.0-cp310-abi3-manylinux_2_34_x86_64.whl", hash = "sha256:ac6fe3d4ef4497dde3efc5e896b0acd53ff6c93be4bf485f045690f919419f35", size = 174948482, upload-time = "2026-03-23T12:41:05.379Z" },
    { url = "https://files.pythonhosted.org/packages/a8/a4/426d9333782bf65ab2a20257d6b4b3af9b8d5d7a710da719865fab49d492/pyside6_addons-6.11.0-cp310-abi3-manylinux_2_39_aarch64.whl", hash = "sha256:8ffb40222456078930816ebcac2f2511716d2acbc11716dd5acc5c365179a753", size = 170430798, upload-time = "2026-03-23T12:41:38.134Z" },
    { url = "https://files.pythonhosted.org/packages/35/9a/46d271fedfabad8c6dce2ebb69bb593745487ed33753a56a47c3ba4fdb1c/pyside6_addons-6.11.0-cp310-abi3-win_amd64.whl", hash = "sha256:413e6121c24f5ffdce376298059eddecff74aa6d638e94e0f6015b33d29b889e", size = 168723088, upload-time = "2026-03-23T12:42:00.668Z" },
    { url = "https://files.pythonhosted.org/packages/16/cd/1b28264f7dc9a642da2e4e7c02f67418d0949eb7ce329ae20869703c2630/pyside6_addons-6.11.0-cp310-abi3-win_arm64.whl", hash = "sha256:aaaee83385977a0fe134b2f4fbfb92b45a880d5b656e4d90a708eef10b1b6de8", size = 35698324, upload-time = "2026-03-23T12:42:13.748Z" },
]

[[package]]
name = "pyside6-essentials"
version = "6.11.0"
source = { registry = "https://pypi.org/simple" }
dependencies = [
    { name = "shiboken6" },
]
wheels = [
    { url = "https://files.pythonhosted.org/packages/d2/00/8a8583d3429c737cc20e61a43eba8ab1ec13ddb101e99802c2ffeedf3b41/pyside6_essentials-6.11.0-cp310-abi3-macosx_13_0_universal2.whl", hash = "sha256:85d6ca87ef35fa6565d385ede72ae48420dd3f63113929d10fc800f6b0360e01", size = 108085251, upload-time = "2026-03-23T12:42:52.872Z" },
    { url = "https://files.pythonhosted.org/packages/f3/a9/07c9e5c014b871c1b19caf8f994bcd50b345559b81f81671217b49559b67/pyside6_essentials-6.11.0-cp310-abi3-manylinux_2_34_x86_64.whl", hash = "sha256:dc20e7afd5fc6fe51297db91cef997ce60844be578f7a49fc61b7ab9657a8849", size = 78316055, upload-time = "2026-03-23T12:43:04.19Z" },
    { url = "https://files.pythonhosted.org/packages/7c/35/f06b1b641d7600ec46374c16cd37c66fa4a22870326b4eb073a95471035f/pyside6_essentials-6.11.0-cp310-abi3-manylinux_2_39_aarch64.whl", hash = "sha256:4854cb0a1b061e7a576d8fb7bb7cf9f49540d558b1acb7df0742a7afefe61e4e", size = 77380821, upload-time = "2026-03-23T12:43:24.649Z" },
    { url = "https://files.pythonhosted.org/packages/ff/37/ba95c6262836d2b286b4e05a9d16a5e870995d5d2503ac6adc6312208049/pyside6_essentials-6.11.0-cp310-abi3-win_amd64.whl", hash = "sha256:3b3362882ad9389357a80504e600180006a957731fec05786fced7b038461fdf", size = 75793322, upload-time = "2026-03-23T12:43:35.575Z" },
    { url = "https://files.pythonhosted.org/packages/53/27/d17f25e45820e633a70e6109b35991eda09a5e8000c2a306f0ab7538d48c/pyside6_essentials-6.11.0-cp310-abi3-win_arm64.whl", hash = "sha256:81ca603dbf21bc39f89bb42db215c25ebe0c879a1a4c387625c321d2730ec187", size = 56337457, upload-time = "2026-03-23T12:43:43.573Z" },
]

[[package]]
name = "python-msilib"
version = "0.5.0"
source = { registry = "https://pypi.org/simple" }
sdist = { url = "https://files.pythonhosted.org/packages/34/aa/73c522e9d202f4d6c90208ebfcd4ad5f7eaf4afb1cb6d077637e9a125b2b/python_msilib-0.5.0.tar.gz", hash = "sha256:5d9d0c2af2cafbc50d484cce4cfab1cb8cfd65d705d7111d216bc525a059113b", size = 60154, upload-time = "2025-12-07T08:19:56.655Z" }
wheels = [
    { url = "https://files.pythonhosted.org/packages/df/d2/a1835b285af0f49e51547ae3c9a50558a1465d358b682f2d698b7e190aca/python_msilib-0.5.0-cp313-cp313-win32.whl", hash = "sha256:240c9cebc402361e6fe32fb94020ce5a2674343122cb4dbd036fa59068d153c4", size = 69423, upload-time = "2025-12-07T08:19:43.132Z" },
    { url = "https://files.pythonhosted.org/packages/48/52/833b9886dc3d2241b88f3d5c9bbc62822bc0cf4ad60c6e1bdc86ec8f87e9/python_msilib-0.5.0-cp313-cp313-win_amd64.whl", hash = "sha256:cb1db6fa79cfff539a0f313c80f27760b3c452b8fb59878c4b1ce2959711541e", size = 70860, upload-time = "2025-12-07T08:19:44.249Z" },
    { url = "https://files.pythonhosted.org/packages/30/1d/c5287bfc88b74abc1afae691600ee78fb09e85c5783ae9fb49f713ce2268/python_msilib-0.5.0-cp313-cp313-win_arm64.whl", hash = "sha256:3904771a9e31276da9d2de4e431e09b122a354b84b41746c6feaa14b91d2fd0d", size = 69344, upload-time = "2025-12-07T08:19:45.289Z" },
    { url = "https://files.pythonhosted.org/packages/72/74/7477e88a18cbff8c1b32b75674c06aeb0e17dcd8058b738ea32bec7d825d/python_msilib-0.5.0-cp313-cp313t-win32.whl", hash = "sha256:67ab7fe107b6dbed42e609d0731ae9863c8aaf58e6015995e42671a9d215fe86", size = 69608, upload-time = "2025-12-07T08:19:46.58Z" },
    { url = "https://files.pythonhosted.org/packages/66/92/c6f226ad36c20d089fdfb0409843a5a1f50c1c77567ec93a540833d00e8e/python_msilib-0.5.0-cp313-cp313t-win_amd64.whl", hash = "sha256:dc3d895c1cb4f695344a7149909d460020d0e6f987d33ab40ea687d65dd1f2ad", size = 71087, upload-time = "2025-12-07T08:19:47.558Z" },
    { url = "https://files.pythonhosted.org/packages/20/1e/50aaa960960ea956dede2871a2bece4c12317f829286718cbdd017f1d0c1/python_msilib-0.5.0-cp313-cp313t-win_arm64.whl", hash = "sha256:cc62a3d0500c1d6d21bea347c55215ae16c81bc749134c47e466f284a46b56fe", size = 69580, upload-time = "2025-12-07T08:19:48.844Z" },
    { url = "https://files.pythonhosted.org/packages/42/93/9231c2d3d3df8254dc5922ea644a2a4d67ac486952c1682d3cee37765210/python_msilib-0.5.0-cp314-cp314-win32.whl", hash = "sha256:e5023ab8da04a13769d1054e64415c02c198d442ce0f7cd9637204341d997379", size = 68755, upload-time = "2025-12-07T08:19:49.82Z" },
    { url = "https://files.pythonhosted.org/packages/bd/a2/5d70a6c7aa9a074146f5a95129f551c571ace1ca051799f8b04f754a91a9/python_msilib-0.5.0-cp314-cp314-win_amd64.whl", hash = "sha256:24cd942d097bafc97018698e1e66652143529eecaf8b8df55a624d580d81df7c", size = 70046, upload-time = "2025-12-07T08:19:50.813Z" },
    { url = "https://files.pythonhosted.org/packages/85/d6/b33a05a210c1ada10df4d78dde0465f8c5f53f80a3ebd05376abb137779b/python_msilib-0.5.0-cp314-cp314-win_arm64.whl", hash = "sha256:f9da5045835d0de30b1087ff6fd6e0b6d076e248cd26405c0d399d8649ef9684", size = 68455, upload-time = "2025-12-07T08:19:51.773Z" },
    { url = "https://files.pythonhosted.org/packages/11/a9/6256d071552fade284a37469b7ccc2b79b7a1291ec7108409b3c77e461f6/python_msilib-0.5.0-cp314-cp314t-win32.whl", hash = "sha256:821a164e72d77786d9e6d7cd28c060e6668665632a29f2c76abac85651f05f11", size = 68950, upload-time = "2025-12-07T08:19:52.756Z" },
    { url = "https://files.pythonhosted.org/packages/44/eb/50d9075e5cf2b271ad81f555fb1b39cfe3c28b4a8ee8f28a72e56b990158/python_msilib-0.5.0-cp314-cp314t-win_amd64.whl", hash = "sha256:3fafe94d66f00bd3b26159b7ff43078421738288af5212744a1cb4a1cea52bc8", size = 70269, upload-time = "2025-12-07T08:19:53.937Z" },
    { url = "https://files.pythonhosted.org/packages/97/c9/799e1e49c887f2414697118290bed0836506998437cb7badbc1477051973/python_msilib-0.5.0-cp314-cp314t-win_arm64.whl", hash = "sha256:1c0b7a595dd457f7df5bd102c4c5abe5337ba0362aab2ece31bea29e6e7d9f2d", size = 68668, upload-time = "2025-12-07T08:19:55.355Z" },
]

[[package]]
name = "setuptools"
version = "82.0.1"
source = { registry = "https://pypi.org/simple" }
sdist = { url = "https://files.pythonhosted.org/packages/4f/db/cfac1baf10650ab4d1c111714410d2fbb77ac5a616db26775db562c8fab2/setuptools-82.0.1.tar.gz", hash = "sha256:7d872682c5d01cfde07da7bccc7b65469d3dca203318515ada1de5eda35efbf9", size = 1152316, upload-time = "2026-03-09T12:47:17.221Z" }
wheels = [
    { url = "https://files.pythonhosted.org/packages/9d/76/f789f7a86709c6b087c5a2f52f911838cad707cc613162401badc665acfe/setuptools-82.0.1-py3-none-any.whl", hash = "sha256:a59e362652f08dcd477c78bb6e7bd9d80a7995bc73ce773050228a348ce2e5bb", size = 1006223, upload-time = "2026-03-09T12:47:15.026Z" },
]

[[package]]
name = "shiboken6"
version = "6.11.0"
source = { registry = "https://pypi.org/simple" }
wheels = [
    { url = "https://files.pythonhosted.org/packages/82/1d/b56b7b694fbc871496435488d1f41c5068de546334850d722756511cef65/shiboken6-6.11.0-cp310-abi3-macosx_13_0_universal2.whl", hash = "sha256:d88e8a1eb705f2b9ad21db08a61ae1dc0c773e5cd86a069de0754c4cf1f9b43b", size = 476085, upload-time = "2026-03-23T12:47:05.724Z" },
    { url = "https://files.pythonhosted.org/packages/65/cb/4bb0c76011166230daa7c0074aeb3fdb3935c83ac1fef3789b85fcd1a8fc/shiboken6-6.11.0-cp310-abi3-manylinux_2_34_x86_64.whl", hash = "sha256:ad54e64f8192ddbdff0c54ac82b89edcd62ed623f502ea21c960541d19514053", size = 271055, upload-time = "2026-03-23T12:47:07.349Z" },
    { url = "https://files.pythonhosted.org/packages/f5/96/771a6e2b530f725303d16d78a321fa4876b98b4f3615c9851880df8c1a43/shiboken6-6.11.0-cp310-abi3-manylinux_2_39_aarch64.whl", hash = "sha256:a10dc7718104ea2dc15d5b0b96909b77162ce1c76fcc6968e6df692b947a00e9", size = 267456, upload-time = "2026-03-23T12:47:08.689Z" },
    { url = "https://files.pythonhosted.org/packages/72/f7/44c0c42c3f5f29dec457fd46ea0552174bcb8aa75becf03bbd90308ba07b/shiboken6-6.11.0-cp310-abi3-win_amd64.whl", hash = "sha256:483ff78a73c7b3189ca924abc694318084f078bcfeaffa68e32024ff2d025ee1", size = 1222132, upload-time = "2026-03-23T12:47:10.143Z" },
    { url = "https://files.pythonhosted.org/packages/fb/99/6e5ee21db2d6af84bbbd7d871d441dafeb069c6de5667b1aa49891a77c66/shiboken6-6.11.0-cp310-abi3-win_arm64.whl", hash = "sha256:3bd76cf56105ab2d62ecaff630366f11264f69b88d488f10f048da9a065781f4", size = 1783186, upload-time = "2026-03-23T12:47:11.832Z" },
]

[[package]]
name = "striprtf"
version = "0.0.29"
source = { registry = "https://pypi.org/simple" }
sdist = { url = "https://files.pythonhosted.org/packages/f3/86/7154b7c625a3ff704581dab70c05389e1de90233b7a751f79f712c2ca0e9/striprtf-0.0.29.tar.gz", hash = "sha256:5a822d075e17417934ed3add6fc79b5fc8fb544fe4370b2f894cdd28f0ddd78e", size = 7533, upload-time = "2025-03-27T22:55:56.874Z" }
wheels = [
    { url = "https://files.pythonhosted.org/packages/08/3e/1418afacc4aae04690cff282078f22620c89a99490499878ececc3021654/striprtf-0.0.29-py3-none-any.whl", hash = "sha256:0fc6a41999d015358d19627776b616424dd501ad698105c81d76734d1e14d91b", size = 7879, upload-time = "2025-03-27T22:55:55.977Z" },
]
